
Microsoft Visual Studio Solution File, Format Version 12.00
# Visual Studio Version 17
VisualStudioVersion = 17.7.34009.444
MinimumVisualStudioVersion = 10.0.40219.1
Project("{8BC9CEB8-8B4A-11D0-8D11-00A0C91BC942}") = "work_with_string", "work_with_string\work_with_string.vcxproj", "{565E8A63-7BBA-4C19-B769-24386AAC88E0}"
EndProject
Project("{8BC9CEB8-8B4A-11D0-8D11-00A0C91BC942}") = "windows_desktop", "windows_desktop\windows_desktop.vcxproj", "{7CF1B18F-8A22-4B4D-8820-79927D65EAAF}"
EndProject
Project("{8BC9CEB8-8B4A-11D0-8D11-00A0C91BC942}") = "com", "com\com.vcxproj", "{B426B951-1CE5-4E79-90DD-D98A666F129F}"
EndProject
Global
	GlobalSection(SolutionConfigurationPlatforms) = preSolution
		Debug|x64 = Debug|x64
		Debug|x86 = Debug|x86
		Release|x64 = Release|x64
		Release|x86 = Release|x86
	EndGlobalSection
	GlobalSection(ProjectConfigurationPlatforms) = postSolution
		{565E8A63-7BBA-4C19-B769-24386AAC88E0}.Debug|x64.ActiveCfg = Debug|x64
		{565E8A63-7BBA-4C19-B769-24386AAC88E0}.Debug|x64.Build.0 = Debug|x64
		{565E8A63-7BBA-4C19-B769-24386AAC88E0}.Debug|x86.ActiveCfg = Debug|Win32
		{565E8A63-7BBA-4C19-B769-24386AAC88E0}.Debug|x86.Build.0 = Debug|Win32
		{565E8A63-7BBA-4C19-B769-24386AAC88E0}.Release|x64.ActiveCfg = Release|x64
		{565E8A63-7BBA-4C19-B769-24386AAC88E0}.Release|x64.Build.0 = Release|x64
		{565E8A63-7BBA-4C19-B769-24386AAC88E0}.Release|x86.ActiveCfg = Release|Win32
		{565E8A63-7BBA-4C19-B769-24386AAC88E0}.Release|x86.Build.0 = Release|Win32
		{7CF1B18F-8A22-4B4D-8820-79927D65EAAF}.Debug|x64.ActiveCfg = Debug|x64
		{7CF1B18F-8A22-4B4D-8820-79927D65EAAF}.Debug|x64.Build.0 = Debug|x64
		{7CF1B18F-8A22-4B4D-8820-79927D65EAAF}.Debug|x86.ActiveCfg = Debug|Win32
		{7CF1B18F-8A22-4B4D-8820-79927D65EAAF}.Debug|x86.Build.0 = Debug|Win32
		{7CF1B18F-8A22-4B4D-8820-79927D65EAAF}.Release|x64.ActiveCfg = Release|x64
		{7CF1B18F-8A22-4B4D-8820-79927D65EAAF}.Release|x64.Build.0 = Release|x64
		{7CF1B18F-8A22-4B4D-8820-79927D65EAAF}.Release|x86.ActiveCfg = Release|Win32
		{7CF1B18F-8A22-4B4D-8820-79927D65EAAF}.Release|x86.Build.0 = Release|Win32
		{B426B951-1CE5-4E79-90DD-D98A666F129F}.Debug|x64.ActiveCfg = Debug|x64
		{B426B951-1CE5-4E79-90DD-D98A666F129F}.Debug|x64.Build.0 = Debug|x64
		{B426B951-1CE5-4E79-90DD-D98A666F129F}.Debug|x86.ActiveCfg = Debug|Win32
		{B426B951-1CE5-4E79-90DD-D98A666F129F}.Debug|x86.Build.0 = Debug|Win32
		{B426B951-1CE5-4E79-90DD-D98A666F129F}.Release|x64.ActiveCfg = Release|x64
		{B426B951-1CE5-4E79-90DD-D98A666F129F}.Release|x64.Build.0 = Release|x64
		{B426B951-1CE5-4E79-90DD-D98A666F129F}.Release|x86.ActiveCfg = Release|Win32
		{B426B951-1CE5-4E79-90DD-D98A666F129F}.Release|x86.Build.0 = Release|Win32
	EndGlobalSection
	GlobalSection(SolutionProperties) = preSolution
		HideSolutionNode = FALSE
	EndGlobalSection
	GlobalSection(ExtensibilityGlobals) = postSolution
		SolutionGuid = {DEEF1D34-2339-47B0-8E00-D0A5617A5D10}
	EndGlobalSection
EndGlobal
